// !$*UTF8*$!
{
	archiveVersion = 1;
	classes = {
	};
	objectVersion = 46;
	objects = {

/* Begin PBXBuildFile section */
		940FE52A1BC3096C0037156B /* AppDelegate+HandleURL.m in Sources */ = {isa = PBXBuildFile; fileRef = 940FE5291BC3096C0037156B /* AppDelegate+HandleURL.m */; };
		9443C86E1BC2FE2400B56CFC /* main.m in Sources */ = {isa = PBXBuildFile; fileRef = 9443C86D1BC2FE2400B56CFC /* main.m */; };
		9443C8711BC2FE2400B56CFC /* AppDelegate.m in Sources */ = {isa = PBXBuildFile; fileRef = 9443C8701BC2FE2400B56CFC /* AppDelegate.m */; };
		9443C8741BC2FE2400B56CFC /* ViewController.m in Sources */ = {isa = PBXBuildFile; fileRef = 9443C8731BC2FE2400B56CFC /* ViewController.m */; };
		9443C8771BC2FE2400B56CFC /* Main.storyboard in Resources */ = {isa = PBXBuildFile; fileRef = 9443C8751BC2FE2400B56CFC /* Main.storyboard */; };
		9443C8791BC2FE2400B56CFC /* Assets.xcassets in Resources */ = {isa = PBXBuildFile; fileRef = 9443C8781BC2FE2400B56CFC /* Assets.xcassets */; };
		9443C87C1BC2FE2400B56CFC /* LaunchScreen.storyboard in Resources */ = {isa = PBXBuildFile; fileRef = 9443C87A1BC2FE2400B56CFC /* LaunchScreen.storyboard */; };
		9443C8871BC2FE6F00B56CFC /* IFChargeRequest.m in Sources */ = {isa = PBXBuildFile; fileRef = 9443C8841BC2FE6F00B56CFC /* IFChargeRequest.m */; settings = {COMPILER_FLAGS = "-fno-objc-arc"; }; };
		9443C8881BC2FE6F00B56CFC /* IFChargeResponse.m in Sources */ = {isa = PBXBuildFile; fileRef = 9443C8861BC2FE6F00B56CFC /* IFChargeResponse.m */; settings = {COMPILER_FLAGS = "-fno-objc-arc"; }; };
/* End PBXBuildFile section */

/* Begin PBXFileReference section */
		940FE5181BC300800037156B /* COPYING */ = {isa = PBXFileReference; lastKnownFileType = text; path = COPYING; sourceTree = "<group>"; };
		940FE5191BC300970037156B /* README.markdown */ = {isa = PBXFileReference; lastKnownFileType = net.daringfireball.markdown; path = README.markdown; sourceTree = "<group>"; };
		940FE5291BC3096C0037156B /* AppDelegate+HandleURL.m */ = {isa = PBXFileReference; fileEncoding = 4; lastKnownFileType = sourcecode.c.objc; path = "AppDelegate+HandleURL.m"; sourceTree = "<group>"; };
		9443C8691BC2FE2400B56CFC /* ChargeDemo.app */ = {isa = PBXFileReference; explicitFileType = wrapper.application; includeInIndex = 0; path = ChargeDemo.app; sourceTree = BUILT_PRODUCTS_DIR; };
		9443C86D1BC2FE2400B56CFC /* main.m */ = {isa = PBXFileReference; lastKnownFileType = sourcecode.c.objc; path = main.m; sourceTree = "<group>"; };
		9443C86F1BC2FE2400B56CFC /* AppDelegate.h */ = {isa = PBXFileReference; lastKnownFileType = sourcecode.c.h; path = AppDelegate.h; sourceTree = "<group>"; };
		9443C8701BC2FE2400B56CFC /* AppDelegate.m */ = {isa = PBXFileReference; lastKnownFileType = sourcecode.c.objc; path = AppDelegate.m; sourceTree = "<group>"; };
		9443C8721BC2FE2400B56CFC /* ViewController.h */ = {isa = PBXFileReference; lastKnownFileType = sourcecode.c.h; path = ViewController.h; sourceTree = "<group>"; };
		9443C8731BC2FE2400B56CFC /* ViewController.m */ = {isa = PBXFileReference; lastKnownFileType = sourcecode.c.objc; path = ViewController.m; sourceTree = "<group>"; };
		9443C8761BC2FE2400B56CFC /* Base */ = {isa = PBXFileReference; lastKnownFileType = file.storyboard; name = Base; path = Base.lproj/Main.storyboard; sourceTree = "<group>"; };
		9443C8781BC2FE2400B56CFC /* Assets.xcassets */ = {isa = PBXFileReference; lastKnownFileType = folder.assetcatalog; path = Assets.xcassets; sourceTree = "<group>"; };
		9443C87B1BC2FE2400B56CFC /* Base */ = {isa = PBXFileReference; lastKnownFileType = file.storyboard; name = Base; path = Base.lproj/LaunchScreen.storyboard; sourceTree = "<group>"; };
		9443C87D1BC2FE2400B56CFC /* Info.plist */ = {isa = PBXFileReference; lastKnownFileType = text.plist.xml; path = Info.plist; sourceTree = "<group>"; };
		9443C8831BC2FE6F00B56CFC /* IFChargeRequest.h */ = {isa = PBXFileReference; fileEncoding = 4; lastKnownFileType = sourcecode.c.h; path = IFChargeRequest.h; sourceTree = "<group>"; };
		9443C8841BC2FE6F00B56CFC /* IFChargeRequest.m */ = {isa = PBXFileReference; fileEncoding = 4; lastKnownFileType = sourcecode.c.objc; path = IFChargeRequest.m; sourceTree = "<group>"; };
		9443C8851BC2FE6F00B56CFC /* IFChargeResponse.h */ = {isa = PBXFileReference; fileEncoding = 4; lastKnownFileType = sourcecode.c.h; path = IFChargeResponse.h; sourceTree = "<group>"; };
		9443C8861BC2FE6F00B56CFC /* IFChargeResponse.m */ = {isa = PBXFileReference; fileEncoding = 4; lastKnownFileType = sourcecode.c.objc; path = IFChargeResponse.m; sourceTree = "<group>"; };
/* End PBXFileReference section */

/* Begin PBXFrameworksBuildPhase section */
		9443C8661BC2FE2400B56CFC /* Frameworks */ = {
			isa = PBXFrameworksBuildPhase;
			buildActionMask = 2147483647;
			files = (
			);
			runOnlyForDeploymentPostprocessing = 0;
		};
/* End PBXFrameworksBuildPhase section */

/* Begin PBXGroup section */
		9443C8601BC2FE2400B56CFC = {
			isa = PBXGroup;
			children = (
				940FE5191BC300970037156B /* README.markdown */,
				940FE5181BC300800037156B /* COPYING */,
				9443C86B1BC2FE2400B56CFC /* ChargeDemo */,
				9443C86A1BC2FE2400B56CFC /* Products */,
			);
			sourceTree = "<group>";
		};
		9443C86A1BC2FE2400B56CFC /* Products */ = {
			isa = PBXGroup;
			children = (
				9443C8691BC2FE2400B56CFC /* ChargeDemo.app */,
			);
			name = Products;
			sourceTree = "<group>";
		};
		9443C86B1BC2FE2400B56CFC /* ChargeDemo */ = {
			isa = PBXGroup;
			children = (
				9443C86F1BC2FE2400B56CFC /* AppDelegate.h */,
				9443C8701BC2FE2400B56CFC /* AppDelegate.m */,
				940FE5291BC3096C0037156B /* AppDelegate+HandleURL.m */,
				9443C8831BC2FE6F00B56CFC /* IFChargeRequest.h */,
				9443C8841BC2FE6F00B56CFC /* IFChargeRequest.m */,
				9443C8851BC2FE6F00B56CFC /* IFChargeResponse.h */,
				9443C8861BC2FE6F00B56CFC /* IFChargeResponse.m */,
				9443C8721BC2FE2400B56CFC /* ViewController.h */,
				9443C8731BC2FE2400B56CFC /* ViewController.m */,
				9443C8751BC2FE2400B56CFC /* Main.storyboard */,
				9443C8781BC2FE2400B56CFC /* Assets.xcassets */,
				9443C87A1BC2FE2400B56CFC /* LaunchScreen.storyboard */,
				9443C87D1BC2FE2400B56CFC /* Info.plist */,
				9443C86C1BC2FE2400B56CFC /* Supporting Files */,
			);
			path = ChargeDemo;
			sourceTree = "<group>";
		};
		9443C86C1BC2FE2400B56CFC /* Supporting Files */ = {
			isa = PBXGroup;
			children = (
				9443C86D1BC2FE2400B56CFC /* main.m */,
			);
			name = "Supporting Files";
			sourceTree = "<group>";
		};
/* End PBXGroup section */

/* Begin PBXNativeTarget section */
		9443C8681BC2FE2400B56CFC /* ChargeDemo */ = {
			isa = PBXNativeTarget;
			buildConfigurationList = 9443C8801BC2FE2400B56CFC /* Build configuration list for PBXNativeTarget "ChargeDemo" */;
			buildPhases = (
				9443C8651BC2FE2400B56CFC /* Sources */,
				9443C8661BC2FE2400B56CFC /* Frameworks */,
				9443C8671BC2FE2400B56CFC /* Resources */,
			);
			buildRules = (
			);
			dependencies = (
			);
			name = ChargeDemo;
			productName = ChargeDemo;
			productReference = 9443C8691BC2FE2400B56CFC /* ChargeDemo.app */;
			productType = "com.apple.product-type.application";
		};
/* End PBXNativeTarget section */

/* Begin PBXProject section */
		9443C8611BC2FE2400B56CFC /* Project object */ = {
			isa = PBXProject;
			attributes = {
				LastUpgradeCheck = 0900;
				ORGANIZATIONNAME = "Inner Fence";
				TargetAttributes = {
					9443C8681BC2FE2400B56CFC = {
						CreatedOnToolsVersion = 7.0.1;
					};
				};
			};
			buildConfigurationList = 9443C8641BC2FE2400B56CFC /* Build configuration list for PBXProject "ChargeDemo" */;
			compatibilityVersion = "Xcode 3.2";
			developmentRegion = English;
			hasScannedForEncodings = 0;
			knownRegions = (
				en,
				Base,
			);
			mainGroup = 9443C8601BC2FE2400B56CFC;
			productRefGroup = 9443C86A1BC2FE2400B56CFC /* Products */;
			projectDirPath = "";
			projectRoot = "";
			targets = (
				9443C8681BC2FE2400B56CFC /* ChargeDemo */,
			);
		};
/* End PBXProject section */

/* Begin PBXResourcesBuildPhase section */
		9443C8671BC2FE2400B56CFC /* Resources */ = {
			isa = PBXResourcesBuildPhase;
			buildActionMask = 2147483647;
			files = (
				9443C87C1BC2FE2400B56CFC /* LaunchScreen.storyboard in Resources */,
				9443C8791BC2FE2400B56CFC /* Assets.xcassets in Resources */,
				9443C8771BC2FE2400B56CFC /* Main.storyboard in Resources */,
			);
			runOnlyForDeploymentPostprocessing = 0;
		};
/* End PBXResourcesBuildPhase section */

/* Begin PBXSourcesBuildPhase section */
		9443C8651BC2FE2400B56CFC /* Sources */ = {
			isa = PBXSourcesBuildPhase;
			buildActionMask = 2147483647;
			files = (
				9443C8881BC2FE6F00B56CFC /* IFChargeResponse.m in Sources */,
				9443C8741BC2FE2400B56CFC /* ViewController.m in Sources */,
				9443C8711BC2FE2400B56CFC /* AppDelegate.m in Sources */,
				9443C8871BC2FE6F00B56CFC /* IFChargeRequest.m in Sources */,
				940FE52A1BC3096C0037156B /* AppDelegate+HandleURL.m in Sources */,
				9443C86E1BC2FE2400B56CFC /* main.m in Sources */,
			);
			runOnlyForDeploymentPostprocessing = 0;
		};
/* End PBXSourcesBuildPhase section */

/* Begin PBXVariantGroup section */
		9443C8751BC2FE2400B56CFC /* Main.storyboard */ = {
			isa = PBXVariantGroup;
			children = (
				9443C8761BC2FE2400B56CFC /* Base */,
			);
			name = Main.storyboard;
			sourceTree = "<group>";
		};
		9443C87A1BC2FE2400B56CFC /* LaunchScreen.storyboard */ = {
			isa = PBXVariantGroup;
			children = (
				9443C87B1BC2FE2400B56CFC /* Base */,
			);
			name = LaunchScreen.storyboard;
			sourceTree = "<group>";
		};
/* End PBXVariantGroup section */

/* Begin XCBuildConfiguration section */
		9443C87E1BC2FE2400B56CFC /* Debug */ = {
			isa = XCBuildConfiguration;
			buildSettings = {
				ALWAYS_SEARCH_USER_PATHS = NO;
				CLANG_CXX_LANGUAGE_STANDARD = "gnu++0x";
				CLANG_CXX_LIBRARY = "libc++";
				CLANG_ENABLE_MODULES = YES;
				CLANG_ENABLE_OBJC_ARC = YES;
				CLANG_WARN_BLOCK_CAPTURE_AUTORELEASING = YES;
				CLANG_WARN_BOOL_CONVERSION = YES;
				CLANG_WARN_COMMA = YES;
				CLANG_WARN_CONSTANT_CONVERSION = YES;
				CLANG_WARN_DIRECT_OBJC_ISA_USAGE = YES_ERROR;
				CLANG_WARN_EMPTY_BODY = YES;
				CLANG_WARN_ENUM_CONVERSION = YES;
				CLANG_WARN_INFINITE_RECURSION = YES;
				CLANG_WARN_INT_CONVERSION = YES;
				CLANG_WARN_NON_LITERAL_NULL_CONVERSION = YES;
				CLANG_WARN_OBJC_LITERAL_CONVERSION = YES;
				CLANG_WARN_OBJC_ROOT_CLASS = YES_ERROR;
				CLANG_WARN_RANGE_LOOP_ANALYSIS = YES;
				CLANG_WARN_STRICT_PROTOTYPES = YES;
				CLANG_WARN_SUSPICIOUS_MOVE = YES;
				CLANG_WARN_UNREACHABLE_CODE = YES;
				CLANG_WARN__DUPLICATE_METHOD_MATCH = YES;
				"CODE_SIGN_IDENTITY[sdk=iphoneos*]" = "iPhone Developer";
				COPY_PHASE_STRIP = NO;
				DEBUG_INFORMATION_FORMAT = dwarf;
				ENABLE_STRICT_OBJC_MSGSEND = YES;
				ENABLE_TESTABILITY = YES;
				GCC_C_LANGUAGE_STANDARD = gnu99;
				GCC_DYNAMIC_NO_PIC = NO;
				GCC_NO_COMMON_BLOCKS = YES;
				GCC_OPTIMIZATION_LEVEL = 0;
				GCC_PREPROCESSOR_DEFINITIONS = (
					"DEBUG=1",
					"$(inherited)",
				);
				GCC_WARN_64_TO_32_BIT_CONVERSION = YES;
				GCC_WARN_ABOUT_RETURN_TYPE = YES_ERROR;
				GCC_WARN_UNDECLARED_SELECTOR = YES;
				GCC_WARN_UNINITIALIZED_AUTOS = YES_AGGRESSIVE;
				GCC_WARN_UNUSED_FUNCTION = YES;
				GCC_WARN_UNUSED_VARIABLE = YES;
				IPHONEOS_DEPLOYMENT_TARGET = 10.3;
				MTL_ENABLE_DEBUG_INFO = YES;
				ONLY_ACTIVE_ARCH = YES;
				SDKROOT = iphoneos;
				TARGETED_DEVICE_FAMILY = "1,2";
			};
			name = Debug;
		};
		9443C87F1BC2FE2400B56CFC /* Release */ = {
			isa = XCBuildConfiguration;
			buildSettings = {
				ALWAYS_SEARCH_USER_PATHS = NO;
				CLANG_CXX_LANGUAGE_STANDARD = "gnu++0x";
				CLANG_CXX_LIBRARY = "libc++";
				CLANG_ENABLE_MODULES = YES;
				CLANG_ENABLE_OBJC_ARC = YES;
				CLANG_WARN_BLOCK_CAPTURE_AUTORELEASING = YES;
				CLANG_WARN_BOOL_CONVERSION = YES;
				CLANG_WARN_COMMA = YES;
				CLANG_WARN_CONSTANT_CONVERSION = YES;
				CLANG_WARN_DIRECT_OBJC_ISA_USAGE = YES_ERROR;
				CLANG_WARN_EMPTY_BODY = YES;
				CLANG_WARN_ENUM_CONVERSION = YES;
				CLANG_WARN_INFINITE_RECURSION = YES;
				CLANG_WARN_INT_CONVERSION = YES;
				CLANG_WARN_NON_LITERAL_NULL_CONVERSION = YES;
				CLANG_WARN_OBJC_LITERAL_CONVERSION = YES;
				CLANG_WARN_OBJC_ROOT_CLASS = YES_ERROR;
				CLANG_WARN_RANGE_LOOP_ANALYSIS = YES;
				CLANG_WARN_STRICT_PROTOTYPES = YES;
				CLANG_WARN_SUSPICIOUS_MOVE = YES;
				CLANG_WARN_UNREACHABLE_CODE = YES;
				CLANG_WARN__DUPLICATE_METHOD_MATCH = YES;
				"CODE_SIGN_IDENTITY[sdk=iphoneos*]" = "iPhone Developer";
				COPY_PHASE_STRIP = NO;
				DEBUG_INFORMATION_FORMAT = "dwarf-with-dsym";
				ENABLE_NS_ASSERTIONS = NO;
				ENABLE_STRICT_OBJC_MSGSEND = YES;
				GCC_C_LANGUAGE_STANDARD = gnu99;
				GCC_NO_COMMON_BLOCKS = YES;
				GCC_WARN_64_TO_32_BIT_CONVERSION = YES;
				GCC_WARN_ABOUT_RETURN_TYPE = YES_ERROR;
				GCC_WARN_UNDECLARED_SELECTOR = YES;
				GCC_WARN_UNINITIALIZED_AUTOS = YES_AGGRESSIVE;
				GCC_WARN_UNUSED_FUNCTION = YES;
				GCC_WARN_UNUSED_VARIABLE = YES;
				IPHONEOS_DEPLOYMENT_TARGET = 9.0;
				MTL_ENABLE_DEBUG_INFO = NO;
				SDKROOT = iphoneos;
				TARGETED_DEVICE_FAMILY = "1,2";
				VALIDATE_PRODUCT = YES;
			};
			name = Release;
		};
		9443C8811BC2FE2400B56CFC /* Debug */ = {
			isa = XCBuildConfiguration;
			buildSettings = {
				ASSETCATALOG_COMPILER_APPICON_NAME = AppIcon;
				INFOPLIST_FILE = ChargeDemo/Info.plist;
				LD_RUNPATH_SEARCH_PATHS = "$(inherited) @executable_path/Frameworks";
				PRODUCT_BUNDLE_IDENTIFIER = com.innerfence.ChargeDemo;
				PRODUCT_NAME = "$(TARGET_NAME)";
			};
			name = Debug;
		};
		9443C8821BC2FE2400B56CFC /* Release */ = {
			isa = XCBuildConfiguration;
			buildSettings = {
				ASSETCATALOG_COMPILER_APPICON_NAME = AppIcon;
				INFOPLIST_FILE = ChargeDemo/Info.plist;
				LD_RUNPATH_SEARCH_PATHS = "$(inherited) @executable_path/Frameworks";
				PRODUCT_BUNDLE_IDENTIFIER = com.innerfence.ChargeDemo;
				PRODUCT_NAME = "$(TARGET_NAME)";
			};
			name = Release;
		};
/* End XCBuildConfiguration section */

/* Begin XCConfigurationList section */
		9443C8641BC2FE2400B56CFC /* Build configuration list for PBXProject "ChargeDemo" */ = {
			isa = XCConfigurationList;
			buildConfigurations = (
				9443C87E1BC2FE2400B56CFC /* Debug */,
				9443C87F1BC2FE2400B56CFC /* Release */,
			);
			defaultConfigurationIsVisible = 0;
			defaultConfigurationName = Release;
		};
		9443C8801BC2FE2400B56CFC /* Build configuration list for PBXNativeTarget "ChargeDemo" */ = {
			isa = XCConfigurationList;
			buildConfigurations = (
				9443C8811BC2FE2400B56CFC /* Debug */,
				9443C8821BC2FE2400B56CFC /* Release */,
			);
			defaultConfigurationIsVisible = 0;
			defaultConfigurationName = Release;
		};
/* End XCConfigurationList section */
	};
	rootObject = 9443C8611BC2FE2400B56CFC /* Project object */;
}
